<?xml version="1.0" encoding="UTF-8"?>
<Scheme
   LastUpgradeVersion = "0460"
   version = "1.3">
   <BuildAction
      parallelizeBuildables = "YES"
      buildImplicitDependencies = "YES">
      <BuildActionEntries>
         <BuildActionEntry
            buildForTesting = "YES"
            buildForRunning = "YES"
            buildForProfiling = "YES"
            buildForArchiving = "YES"
            buildForAnalyzing = "YES">
            <BuildableReference
               BuildableIdentifier = "primary"
               BlueprintIdentifier = "809F15DE17A9895A006D94A7"
               BuildableName = "Truth Universal App Beta.app"
               BlueprintName = "Truth Universal App Beta"
               ReferencedContainer = "container:Truth Universal App Beta.xcodeproj">
            </BuildableReference>
         </BuildActionEntry>
      </BuildActionEntries>
   </BuildAction>
   <TestAction
      selectedDebuggerIdentifier = "Xcode.DebuggerFoundation.Debugger.LLDB"
      selectedLauncherIdentifier = "Xcode.DebuggerFoundation.Launcher.LLDB"
      shouldUseLaunchSchemeArgsEnv = "YES"
      buildConfiguration = "Debug">
      <Testables>
         <TestableReference
            skipped = "NO">
            <BuildableReference
               BuildableIdentifier = "primary"
               BlueprintIdentifier = "809F160717A9895E006D94A7"
               BuildableName = "Truth Universal App BetaTests.octest"
               BlueprintName = "Truth Universal App BetaTests"
               ReferencedContainer = "container:Truth Universal App Beta.xcodeproj">
            </BuildableReference>
         </TestableReference>
         <TestableReference
            skipped = "NO">
            <BuildableReference
               BuildableIdentifier = "primary"
               BlueprintIdentifier = "80356D1B1868A810008BAEB8"
               BuildableName = "Truth Universal App Beta Tests.xctest"
               BlueprintName = "Truth Universal App Beta Tests"
               ReferencedContainer = "container:Truth Universal App Beta.xcodeproj">
            </BuildableReference>
         </TestableReference>
         <TestableReference
            skipped = "NO">
            <BuildableReference
               BuildableIdentifier = "primary"
               BlueprintIdentifier = "80B4EC1C1868D9A60065D4FF"
               BuildableName = "Truth Universal App BetaTESTSTests.xctest"
               BlueprintName = "Truth Universal App BetaTESTSTests"
               ReferencedContainer = "container:Truth Universal App Beta.xcodeproj">
            </BuildableReference>
         </TestableReference>
      </Testables>
      <MacroExpansion>
         <BuildableReference
            BuildableIdentifier = "primary"
            BlueprintIdentifier = "809F15DE17A9895A006D94A7"
            BuildableName = "Truth Universal App Beta.app"
            BlueprintName = "Truth Universal App Beta"
            ReferencedContainer = "container:Truth Universal App Beta.xcodeproj">
         </BuildableReference>
      </MacroExpansion>
   </TestAction>
   <LaunchAction
      selectedDebuggerIdentifier = "Xcode.DebuggerFoundation.Debugger.LLDB"
      selectedLauncherIdentifier = "Xcode.DebuggerFoundation.Launcher.LLDB"
      launchStyle = "0"
      useCustomWorkingDirectory = "NO"
      buildConfiguration = "Debug"
      ignoresPersistentStateOnLaunch = "NO"
      debugDocumentVersioning = "YES"
      allowLocationSimulation = "YES">
      <BuildableProductRunnable>
         <BuildableReference
            BuildableIdentifier = "primary"
            BlueprintIdentifier = "809F15DE17A9895A006D94A7"
            BuildableName = "Truth Universal App Beta.app"
            BlueprintName = "Truth Universal App Beta"
            ReferencedContainer = "container:Truth Universal App Beta.xcodeproj">
         </BuildableReference>
      </BuildableProductRunnable>
      <AdditionalOptions>
      </AdditionalOptions>
   </LaunchAction>
   <ProfileAction
      shouldUseLaunchSchemeArgsEnv = "YES"
      savedToolIdentifier = ""
      useCustomWorkingDirectory = "NO"
      buildConfiguration = "Release"
      debugDocumentVersioning = "YES">
      <BuildableProductRunnable>
         <BuildableReference
            BuildableIdentifier = "primary"
            BlueprintIdentifier = "809F15DE17A9895A006D94A7"
            BuildableName = "Truth Universal App Beta.app"
            BlueprintName = "Truth Universal App Beta"
            ReferencedContainer = "container:Truth Universal App Beta.xcodeproj">
         </BuildableReference>
      </BuildableProductRunnable>
   </ProfileAction>
   <AnalyzeAction
      buildConfiguration = "Debug">
   </AnalyzeAction>
   <ArchiveAction
      buildConfiguration = "Release"
      revealArchiveInOrganizer = "YES">
   </ArchiveAction>
</Scheme>
